
Microsoft Visual Studio Solution File, Format Version 12.00
# Visual Studio Version 17
VisualStudioVersion = 17.14.36518.9
MinimumVisualStudioVersion = 10.0.40219.1
Project("{8BC9CEB8-8B4A-11D0-8D11-00A0C91BC942}") = "crow_basico", "crow_basico\crow_basico.vcxproj", "{6821A052-119C-4BD5-B892-7C5C6E2C6646}"
EndProject
Project("{8BC9CEB8-8B4A-11D0-8D11-00A0C91BC942}") = "crow_crud_mem", "crow_crud_mem\crow_crud_mem.vcxproj", "{BECCD495-0C10-4B2B-B8C5-AA9390215C35}"
EndProject
Project("{8BC9CEB8-8B4A-11D0-8D11-00A0C91BC942}") = "conversor_csv_json", "conversor_csv_json\conversor_csv_json.vcxproj", "{37FA1609-148F-4978-88EB-41DAF9626D09}"
EndProject
Project("{8BC9CEB8-8B4A-11D0-8D11-00A0C91BC942}") = "crow_bd_cache", "crow_bd_cache\crow_bd_cache.vcxproj", "{B2EE620C-B6DA-4907-A7F8-53A837434944}"
EndProject
Global
	GlobalSection(SolutionConfigurationPlatforms) = preSolution
		Debug|x64 = Debug|x64
		Debug|x86 = Debug|x86
		Release|x64 = Release|x64
		Release|x86 = Release|x86
	EndGlobalSection
	GlobalSection(ProjectConfigurationPlatforms) = postSolution
		{6821A052-119C-4BD5-B892-7C5C6E2C6646}.Debug|x64.ActiveCfg = Debug|x64
		{6821A052-119C-4BD5-B892-7C5C6E2C6646}.Debug|x64.Build.0 = Debug|x64
		{6821A052-119C-4BD5-B892-7C5C6E2C6646}.Debug|x86.ActiveCfg = Debug|Win32
		{6821A052-119C-4BD5-B892-7C5C6E2C6646}.Debug|x86.Build.0 = Debug|Win32
		{6821A052-119C-4BD5-B892-7C5C6E2C6646}.Release|x64.ActiveCfg = Release|x64
		{6821A052-119C-4BD5-B892-7C5C6E2C6646}.Release|x64.Build.0 = Release|x64
		{6821A052-119C-4BD5-B892-7C5C6E2C6646}.Release|x86.ActiveCfg = Release|Win32
		{6821A052-119C-4BD5-B892-7C5C6E2C6646}.Release|x86.Build.0 = Release|Win32
		{BECCD495-0C10-4B2B-B8C5-AA9390215C35}.Debug|x64.ActiveCfg = Debug|x64
		{BECCD495-0C10-4B2B-B8C5-AA9390215C35}.Debug|x64.Build.0 = Debug|x64
		{BECCD495-0C10-4B2B-B8C5-AA9390215C35}.Debug|x86.ActiveCfg = Debug|Win32
		{BECCD495-0C10-4B2B-B8C5-AA9390215C35}.Debug|x86.Build.0 = Debug|Win32
		{BECCD495-0C10-4B2B-B8C5-AA9390215C35}.Release|x64.ActiveCfg = Release|x64
		{BECCD495-0C10-4B2B-B8C5-AA9390215C35}.Release|x64.Build.0 = Release|x64
		{BECCD495-0C10-4B2B-B8C5-AA9390215C35}.Release|x86.ActiveCfg = Release|Win32
		{BECCD495-0C10-4B2B-B8C5-AA9390215C35}.Release|x86.Build.0 = Release|Win32
		{37FA1609-148F-4978-88EB-41DAF9626D09}.Debug|x64.ActiveCfg = Debug|x64
		{37FA1609-148F-4978-88EB-41DAF9626D09}.Debug|x64.Build.0 = Debug|x64
		{37FA1609-148F-4978-88EB-41DAF9626D09}.Debug|x86.ActiveCfg = Debug|Win32
		{37FA1609-148F-4978-88EB-41DAF9626D09}.Debug|x86.Build.0 = Debug|Win32
		{37FA1609-148F-4978-88EB-41DAF9626D09}.Release|x64.ActiveCfg = Release|x64
		{37FA1609-148F-4978-88EB-41DAF9626D09}.Release|x64.Build.0 = Release|x64
		{37FA1609-148F-4978-88EB-41DAF9626D09}.Release|x86.ActiveCfg = Release|Win32
		{37FA1609-148F-4978-88EB-41DAF9626D09}.Release|x86.Build.0 = Release|Win32
		{B2EE620C-B6DA-4907-A7F8-53A837434944}.Debug|x64.ActiveCfg = Debug|x64
		{B2EE620C-B6DA-4907-A7F8-53A837434944}.Debug|x64.Build.0 = Debug|x64
		{B2EE620C-B6DA-4907-A7F8-53A837434944}.Debug|x86.ActiveCfg = Debug|Win32
		{B2EE620C-B6DA-4907-A7F8-53A837434944}.Debug|x86.Build.0 = Debug|Win32
		{B2EE620C-B6DA-4907-A7F8-53A837434944}.Release|x64.ActiveCfg = Release|x64
		{B2EE620C-B6DA-4907-A7F8-53A837434944}.Release|x64.Build.0 = Release|x64
		{B2EE620C-B6DA-4907-A7F8-53A837434944}.Release|x86.ActiveCfg = Release|Win32
		{B2EE620C-B6DA-4907-A7F8-53A837434944}.Release|x86.Build.0 = Release|Win32
	EndGlobalSection
	GlobalSection(SolutionProperties) = preSolution
		HideSolutionNode = FALSE
	EndGlobalSection
	GlobalSection(ExtensibilityGlobals) = postSolution
		SolutionGuid = {5AA59EE6-A669-43FC-AE71-2DF481CBC281}
	EndGlobalSection
EndGlobal
