
Microsoft Visual Studio Solution File, Format Version 12.00
# Visual Studio Version 17
VisualStudioVersion = 17.14.37411.7
MinimumVisualStudioVersion = 10.0.40219.1
Project("{8BC9CEB8-8B4A-11D0-8D11-00A0C91BC942}") = "ServidorREST", "ServidorREST\ServidorREST.vcxproj", "{DED55945-6211-42D6-8EFE-BDA90017441A}"
EndProject
Project("{8BC9CEB8-8B4A-11D0-8D11-00A0C91BC942}") = "ws_server", "ws_server\ws_server.vcxproj", "{A9610296-398B-4A45-90B5-75720C430057}"
EndProject
Project("{8BC9CEB8-8B4A-11D0-8D11-00A0C91BC942}") = "ws_client", "ws_client\ws_client.vcxproj", "{EC09A9AB-DDE3-4ABC-A183-87F894F3855B}"
EndProject
Global
	GlobalSection(SolutionConfigurationPlatforms) = preSolution
		Debug|x64 = Debug|x64
		Debug|x86 = Debug|x86
		Release|x64 = Release|x64
		Release|x86 = Release|x86
	EndGlobalSection
	GlobalSection(ProjectConfigurationPlatforms) = postSolution
		{DED55945-6211-42D6-8EFE-BDA90017441A}.Debug|x64.ActiveCfg = Debug|x64
		{DED55945-6211-42D6-8EFE-BDA90017441A}.Debug|x64.Build.0 = Debug|x64
		{DED55945-6211-42D6-8EFE-BDA90017441A}.Debug|x86.ActiveCfg = Debug|Win32
		{DED55945-6211-42D6-8EFE-BDA90017441A}.Debug|x86.Build.0 = Debug|Win32
		{DED55945-6211-42D6-8EFE-BDA90017441A}.Release|x64.ActiveCfg = Release|x64
		{DED55945-6211-42D6-8EFE-BDA90017441A}.Release|x64.Build.0 = Release|x64
		{DED55945-6211-42D6-8EFE-BDA90017441A}.Release|x86.ActiveCfg = Release|Win32
		{DED55945-6211-42D6-8EFE-BDA90017441A}.Release|x86.Build.0 = Release|Win32
		{A9610296-398B-4A45-90B5-75720C430057}.Debug|x64.ActiveCfg = Debug|x64
		{A9610296-398B-4A45-90B5-75720C430057}.Debug|x64.Build.0 = Debug|x64
		{A9610296-398B-4A45-90B5-75720C430057}.Debug|x86.ActiveCfg = Debug|Win32
		{A9610296-398B-4A45-90B5-75720C430057}.Debug|x86.Build.0 = Debug|Win32
		{A9610296-398B-4A45-90B5-75720C430057}.Release|x64.ActiveCfg = Release|x64
		{A9610296-398B-4A45-90B5-75720C430057}.Release|x64.Build.0 = Release|x64
		{A9610296-398B-4A45-90B5-75720C430057}.Release|x86.ActiveCfg = Release|Win32
		{A9610296-398B-4A45-90B5-75720C430057}.Release|x86.Build.0 = Release|Win32
		{EC09A9AB-DDE3-4ABC-A183-87F894F3855B}.Debug|x64.ActiveCfg = Debug|x64
		{EC09A9AB-DDE3-4ABC-A183-87F894F3855B}.Debug|x64.Build.0 = Debug|x64
		{EC09A9AB-DDE3-4ABC-A183-87F894F3855B}.Debug|x86.ActiveCfg = Debug|Win32
		{EC09A9AB-DDE3-4ABC-A183-87F894F3855B}.Debug|x86.Build.0 = Debug|Win32
		{EC09A9AB-DDE3-4ABC-A183-87F894F3855B}.Release|x64.ActiveCfg = Release|x64
		{EC09A9AB-DDE3-4ABC-A183-87F894F3855B}.Release|x64.Build.0 = Release|x64
		{EC09A9AB-DDE3-4ABC-A183-87F894F3855B}.Release|x86.ActiveCfg = Release|Win32
		{EC09A9AB-DDE3-4ABC-A183-87F894F3855B}.Release|x86.Build.0 = Release|Win32
	EndGlobalSection
	GlobalSection(SolutionProperties) = preSolution
		HideSolutionNode = FALSE
	EndGlobalSection
	GlobalSection(ExtensibilityGlobals) = postSolution
		SolutionGuid = {65275CF1-D5DC-4B1E-947B-799EB6C870B6}
	EndGlobalSection
EndGlobal
