
Microsoft Visual Studio Solution File, Format Version 12.00
# Visual Studio Version 17
VisualStudioVersion = 17.14.36518.9
MinimumVisualStudioVersion = 10.0.40219.1
Project("{8BC9CEB8-8B4A-11D0-8D11-00A0C91BC942}") = "ws_servidor", "ws_servidor\ws_servidor.vcxproj", "{A50FD159-FDF8-418C-8B11-9E038C34348F}"
EndProject
Project("{8BC9CEB8-8B4A-11D0-8D11-00A0C91BC942}") = "ws_cliente", "ws_client\ws_client.vcxproj", "{861F4DEA-08ED-45EC-8D5B-00E1860D42F3}"
EndProject
Project("{8BC9CEB8-8B4A-11D0-8D11-00A0C91BC942}") = "ServidorREST", "ServidorREST\ServidorREST.vcxproj", "{B44204B9-B8DF-49D1-91D2-F71E23452347}"
EndProject
Project("{8BC9CEB8-8B4A-11D0-8D11-00A0C91BC942}") = "wss_servidor", "wss_servidor\wss_servidor.vcxproj", "{6711994D-C6C6-494F-BDEF-7DCA159E5554}"
EndProject
Project("{8BC9CEB8-8B4A-11D0-8D11-00A0C91BC942}") = "wss_cliente", "wss_cliente\wss_cliente.vcxproj", "{0430EF24-6AFB-4FBB-98D8-2497034972DB}"
EndProject
Project("{8BC9CEB8-8B4A-11D0-8D11-00A0C91BC942}") = "multicliente", "multicliente\multicliente.vcxproj", "{9ECEB5A9-927F-49BA-ADCC-07B19A24D15F}"
EndProject
Global
	GlobalSection(SolutionConfigurationPlatforms) = preSolution
		Debug|x64 = Debug|x64
		Debug|x86 = Debug|x86
		Release|x64 = Release|x64
		Release|x86 = Release|x86
	EndGlobalSection
	GlobalSection(ProjectConfigurationPlatforms) = postSolution
		{A50FD159-FDF8-418C-8B11-9E038C34348F}.Debug|x64.ActiveCfg = Debug|x64
		{A50FD159-FDF8-418C-8B11-9E038C34348F}.Debug|x64.Build.0 = Debug|x64
		{A50FD159-FDF8-418C-8B11-9E038C34348F}.Debug|x86.ActiveCfg = Debug|Win32
		{A50FD159-FDF8-418C-8B11-9E038C34348F}.Debug|x86.Build.0 = Debug|Win32
		{A50FD159-FDF8-418C-8B11-9E038C34348F}.Release|x64.ActiveCfg = Release|x64
		{A50FD159-FDF8-418C-8B11-9E038C34348F}.Release|x64.Build.0 = Release|x64
		{A50FD159-FDF8-418C-8B11-9E038C34348F}.Release|x86.ActiveCfg = Release|Win32
		{A50FD159-FDF8-418C-8B11-9E038C34348F}.Release|x86.Build.0 = Release|Win32
		{861F4DEA-08ED-45EC-8D5B-00E1860D42F3}.Debug|x64.ActiveCfg = Debug|x64
		{861F4DEA-08ED-45EC-8D5B-00E1860D42F3}.Debug|x64.Build.0 = Debug|x64
		{861F4DEA-08ED-45EC-8D5B-00E1860D42F3}.Debug|x86.ActiveCfg = Debug|Win32
		{861F4DEA-08ED-45EC-8D5B-00E1860D42F3}.Debug|x86.Build.0 = Debug|Win32
		{861F4DEA-08ED-45EC-8D5B-00E1860D42F3}.Release|x64.ActiveCfg = Release|x64
		{861F4DEA-08ED-45EC-8D5B-00E1860D42F3}.Release|x64.Build.0 = Release|x64
		{861F4DEA-08ED-45EC-8D5B-00E1860D42F3}.Release|x86.ActiveCfg = Release|Win32
		{861F4DEA-08ED-45EC-8D5B-00E1860D42F3}.Release|x86.Build.0 = Release|Win32
		{B44204B9-B8DF-49D1-91D2-F71E23452347}.Debug|x64.ActiveCfg = Debug|x64
		{B44204B9-B8DF-49D1-91D2-F71E23452347}.Debug|x64.Build.0 = Debug|x64
		{B44204B9-B8DF-49D1-91D2-F71E23452347}.Debug|x86.ActiveCfg = Debug|Win32
		{B44204B9-B8DF-49D1-91D2-F71E23452347}.Debug|x86.Build.0 = Debug|Win32
		{B44204B9-B8DF-49D1-91D2-F71E23452347}.Release|x64.ActiveCfg = Release|x64
		{B44204B9-B8DF-49D1-91D2-F71E23452347}.Release|x64.Build.0 = Release|x64
		{B44204B9-B8DF-49D1-91D2-F71E23452347}.Release|x86.ActiveCfg = Release|Win32
		{B44204B9-B8DF-49D1-91D2-F71E23452347}.Release|x86.Build.0 = Release|Win32
		{6711994D-C6C6-494F-BDEF-7DCA159E5554}.Debug|x64.ActiveCfg = Debug|x64
		{6711994D-C6C6-494F-BDEF-7DCA159E5554}.Debug|x64.Build.0 = Debug|x64
		{6711994D-C6C6-494F-BDEF-7DCA159E5554}.Debug|x86.ActiveCfg = Debug|Win32
		{6711994D-C6C6-494F-BDEF-7DCA159E5554}.Debug|x86.Build.0 = Debug|Win32
		{6711994D-C6C6-494F-BDEF-7DCA159E5554}.Release|x64.ActiveCfg = Release|x64
		{6711994D-C6C6-494F-BDEF-7DCA159E5554}.Release|x64.Build.0 = Release|x64
		{6711994D-C6C6-494F-BDEF-7DCA159E5554}.Release|x86.ActiveCfg = Release|Win32
		{6711994D-C6C6-494F-BDEF-7DCA159E5554}.Release|x86.Build.0 = Release|Win32
		{0430EF24-6AFB-4FBB-98D8-2497034972DB}.Debug|x64.ActiveCfg = Debug|x64
		{0430EF24-6AFB-4FBB-98D8-2497034972DB}.Debug|x64.Build.0 = Debug|x64
		{0430EF24-6AFB-4FBB-98D8-2497034972DB}.Debug|x86.ActiveCfg = Debug|Win32
		{0430EF24-6AFB-4FBB-98D8-2497034972DB}.Debug|x86.Build.0 = Debug|Win32
		{0430EF24-6AFB-4FBB-98D8-2497034972DB}.Release|x64.ActiveCfg = Release|x64
		{0430EF24-6AFB-4FBB-98D8-2497034972DB}.Release|x64.Build.0 = Release|x64
		{0430EF24-6AFB-4FBB-98D8-2497034972DB}.Release|x86.ActiveCfg = Release|Win32
		{0430EF24-6AFB-4FBB-98D8-2497034972DB}.Release|x86.Build.0 = Release|Win32
		{9ECEB5A9-927F-49BA-ADCC-07B19A24D15F}.Debug|x64.ActiveCfg = Debug|x64
		{9ECEB5A9-927F-49BA-ADCC-07B19A24D15F}.Debug|x64.Build.0 = Debug|x64
		{9ECEB5A9-927F-49BA-ADCC-07B19A24D15F}.Debug|x86.ActiveCfg = Debug|Win32
		{9ECEB5A9-927F-49BA-ADCC-07B19A24D15F}.Debug|x86.Build.0 = Debug|Win32
		{9ECEB5A9-927F-49BA-ADCC-07B19A24D15F}.Release|x64.ActiveCfg = Release|x64
		{9ECEB5A9-927F-49BA-ADCC-07B19A24D15F}.Release|x64.Build.0 = Release|x64
		{9ECEB5A9-927F-49BA-ADCC-07B19A24D15F}.Release|x86.ActiveCfg = Release|Win32
		{9ECEB5A9-927F-49BA-ADCC-07B19A24D15F}.Release|x86.Build.0 = Release|Win32
	EndGlobalSection
	GlobalSection(SolutionProperties) = preSolution
		HideSolutionNode = FALSE
	EndGlobalSection
	GlobalSection(ExtensibilityGlobals) = postSolution
		SolutionGuid = {1A9FFD12-6BC2-4C86-9399-2FBCE6DDF9DF}
	EndGlobalSection
EndGlobal
