
Microsoft Visual Studio Solution File, Format Version 12.00
# Visual Studio Version 17
VisualStudioVersion = 17.14.36518.9 d17.14
MinimumVisualStudioVersion = 10.0.40219.1
Project("{8BC9CEB8-8B4A-11D0-8D11-00A0C91BC942}") = "mysql", "mysql\mysql.vcxproj", "{C8A2540B-A92B-41EC-ABFA-F92470A03C48}"
EndProject
Project("{8BC9CEB8-8B4A-11D0-8D11-00A0C91BC942}") = "redis", "redis\redis.vcxproj", "{F80BEABB-799F-4E88-9F8E-43144F77804F}"
EndProject
Project("{8BC9CEB8-8B4A-11D0-8D11-00A0C91BC942}") = "postgresql", "postgresql\postgresql.vcxproj", "{DAF5ED48-BE27-4E23-AF53-962E0035A36D}"
EndProject
Global
	GlobalSection(SolutionConfigurationPlatforms) = preSolution
		Debug|x64 = Debug|x64
		Debug|x86 = Debug|x86
		Release|x64 = Release|x64
		Release|x86 = Release|x86
	EndGlobalSection
	GlobalSection(ProjectConfigurationPlatforms) = postSolution
		{C8A2540B-A92B-41EC-ABFA-F92470A03C48}.Debug|x64.ActiveCfg = Debug|x64
		{C8A2540B-A92B-41EC-ABFA-F92470A03C48}.Debug|x64.Build.0 = Debug|x64
		{C8A2540B-A92B-41EC-ABFA-F92470A03C48}.Debug|x86.ActiveCfg = Debug|Win32
		{C8A2540B-A92B-41EC-ABFA-F92470A03C48}.Debug|x86.Build.0 = Debug|Win32
		{C8A2540B-A92B-41EC-ABFA-F92470A03C48}.Release|x64.ActiveCfg = Release|x64
		{C8A2540B-A92B-41EC-ABFA-F92470A03C48}.Release|x64.Build.0 = Release|x64
		{C8A2540B-A92B-41EC-ABFA-F92470A03C48}.Release|x86.ActiveCfg = Release|Win32
		{C8A2540B-A92B-41EC-ABFA-F92470A03C48}.Release|x86.Build.0 = Release|Win32
		{F80BEABB-799F-4E88-9F8E-43144F77804F}.Debug|x64.ActiveCfg = Debug|x64
		{F80BEABB-799F-4E88-9F8E-43144F77804F}.Debug|x64.Build.0 = Debug|x64
		{F80BEABB-799F-4E88-9F8E-43144F77804F}.Debug|x86.ActiveCfg = Debug|Win32
		{F80BEABB-799F-4E88-9F8E-43144F77804F}.Debug|x86.Build.0 = Debug|Win32
		{F80BEABB-799F-4E88-9F8E-43144F77804F}.Release|x64.ActiveCfg = Release|x64
		{F80BEABB-799F-4E88-9F8E-43144F77804F}.Release|x64.Build.0 = Release|x64
		{F80BEABB-799F-4E88-9F8E-43144F77804F}.Release|x86.ActiveCfg = Release|Win32
		{F80BEABB-799F-4E88-9F8E-43144F77804F}.Release|x86.Build.0 = Release|Win32
		{DAF5ED48-BE27-4E23-AF53-962E0035A36D}.Debug|x64.ActiveCfg = Debug|x64
		{DAF5ED48-BE27-4E23-AF53-962E0035A36D}.Debug|x64.Build.0 = Debug|x64
		{DAF5ED48-BE27-4E23-AF53-962E0035A36D}.Debug|x86.ActiveCfg = Debug|Win32
		{DAF5ED48-BE27-4E23-AF53-962E0035A36D}.Debug|x86.Build.0 = Debug|Win32
		{DAF5ED48-BE27-4E23-AF53-962E0035A36D}.Release|x64.ActiveCfg = Release|x64
		{DAF5ED48-BE27-4E23-AF53-962E0035A36D}.Release|x64.Build.0 = Release|x64
		{DAF5ED48-BE27-4E23-AF53-962E0035A36D}.Release|x86.ActiveCfg = Release|Win32
		{DAF5ED48-BE27-4E23-AF53-962E0035A36D}.Release|x86.Build.0 = Release|Win32
	EndGlobalSection
	GlobalSection(SolutionProperties) = preSolution
		HideSolutionNode = FALSE
	EndGlobalSection
	GlobalSection(ExtensibilityGlobals) = postSolution
		SolutionGuid = {4CB1204B-3974-4127-8BBD-99A9476F1FBE}
	EndGlobalSection
EndGlobal
