
Microsoft Visual Studio Solution File, Format Version 12.00
# Visual Studio Version 17
VisualStudioVersion = 17.14.36408.4
MinimumVisualStudioVersion = 10.0.40219.1
Project("{8BC9CEB8-8B4A-11D0-8D11-00A0C91BC942}") = "boost_beast", "boost_beast.vcxproj", "{A28D649B-88C1-489D-B914-CDED36D2DAB6}"
EndProject
Project("{8BC9CEB8-8B4A-11D0-8D11-00A0C91BC942}") = "cliente_web_sockets", "..\web_sockets\web_sockets.vcxproj", "{7ECE962B-EC26-4B83-830E-D45F4E0C2CA1}"
EndProject
Project("{8BC9CEB8-8B4A-11D0-8D11-00A0C91BC942}") = "servidor_web_sockets", "..\servidor_web_socket\servidor_web_socket.vcxproj", "{940D49F2-481A-4119-BBDC-B8DA788CF187}"
EndProject
Project("{8BC9CEB8-8B4A-11D0-8D11-00A0C91BC942}") = "servidorWSS", "..\servidorWSS\servidorWSS.vcxproj", "{71A14A59-1020-479F-B7B6-6B656EDD1C7E}"
EndProject
Global
	GlobalSection(SolutionConfigurationPlatforms) = preSolution
		Debug|x64 = Debug|x64
		Debug|x86 = Debug|x86
		Release|x64 = Release|x64
		Release|x86 = Release|x86
	EndGlobalSection
	GlobalSection(ProjectConfigurationPlatforms) = postSolution
		{A28D649B-88C1-489D-B914-CDED36D2DAB6}.Debug|x64.ActiveCfg = Debug|x64
		{A28D649B-88C1-489D-B914-CDED36D2DAB6}.Debug|x64.Build.0 = Debug|x64
		{A28D649B-88C1-489D-B914-CDED36D2DAB6}.Debug|x86.ActiveCfg = Debug|Win32
		{A28D649B-88C1-489D-B914-CDED36D2DAB6}.Debug|x86.Build.0 = Debug|Win32
		{A28D649B-88C1-489D-B914-CDED36D2DAB6}.Release|x64.ActiveCfg = Release|x64
		{A28D649B-88C1-489D-B914-CDED36D2DAB6}.Release|x64.Build.0 = Release|x64
		{A28D649B-88C1-489D-B914-CDED36D2DAB6}.Release|x86.ActiveCfg = Release|Win32
		{A28D649B-88C1-489D-B914-CDED36D2DAB6}.Release|x86.Build.0 = Release|Win32
		{7ECE962B-EC26-4B83-830E-D45F4E0C2CA1}.Debug|x64.ActiveCfg = Debug|x64
		{7ECE962B-EC26-4B83-830E-D45F4E0C2CA1}.Debug|x64.Build.0 = Debug|x64
		{7ECE962B-EC26-4B83-830E-D45F4E0C2CA1}.Debug|x86.ActiveCfg = Debug|Win32
		{7ECE962B-EC26-4B83-830E-D45F4E0C2CA1}.Debug|x86.Build.0 = Debug|Win32
		{7ECE962B-EC26-4B83-830E-D45F4E0C2CA1}.Release|x64.ActiveCfg = Release|x64
		{7ECE962B-EC26-4B83-830E-D45F4E0C2CA1}.Release|x64.Build.0 = Release|x64
		{7ECE962B-EC26-4B83-830E-D45F4E0C2CA1}.Release|x86.ActiveCfg = Release|Win32
		{7ECE962B-EC26-4B83-830E-D45F4E0C2CA1}.Release|x86.Build.0 = Release|Win32
		{940D49F2-481A-4119-BBDC-B8DA788CF187}.Debug|x64.ActiveCfg = Debug|x64
		{940D49F2-481A-4119-BBDC-B8DA788CF187}.Debug|x64.Build.0 = Debug|x64
		{940D49F2-481A-4119-BBDC-B8DA788CF187}.Debug|x86.ActiveCfg = Debug|Win32
		{940D49F2-481A-4119-BBDC-B8DA788CF187}.Debug|x86.Build.0 = Debug|Win32
		{940D49F2-481A-4119-BBDC-B8DA788CF187}.Release|x64.ActiveCfg = Release|x64
		{940D49F2-481A-4119-BBDC-B8DA788CF187}.Release|x64.Build.0 = Release|x64
		{940D49F2-481A-4119-BBDC-B8DA788CF187}.Release|x86.ActiveCfg = Release|Win32
		{940D49F2-481A-4119-BBDC-B8DA788CF187}.Release|x86.Build.0 = Release|Win32
		{71A14A59-1020-479F-B7B6-6B656EDD1C7E}.Debug|x64.ActiveCfg = Debug|x64
		{71A14A59-1020-479F-B7B6-6B656EDD1C7E}.Debug|x64.Build.0 = Debug|x64
		{71A14A59-1020-479F-B7B6-6B656EDD1C7E}.Debug|x86.ActiveCfg = Debug|Win32
		{71A14A59-1020-479F-B7B6-6B656EDD1C7E}.Debug|x86.Build.0 = Debug|Win32
		{71A14A59-1020-479F-B7B6-6B656EDD1C7E}.Release|x64.ActiveCfg = Release|x64
		{71A14A59-1020-479F-B7B6-6B656EDD1C7E}.Release|x64.Build.0 = Release|x64
		{71A14A59-1020-479F-B7B6-6B656EDD1C7E}.Release|x86.ActiveCfg = Release|Win32
		{71A14A59-1020-479F-B7B6-6B656EDD1C7E}.Release|x86.Build.0 = Release|Win32
	EndGlobalSection
	GlobalSection(SolutionProperties) = preSolution
		HideSolutionNode = FALSE
	EndGlobalSection
	GlobalSection(ExtensibilityGlobals) = postSolution
		SolutionGuid = {8264E223-33CB-4846-B515-4C2749DCC4FA}
	EndGlobalSection
EndGlobal
