
Microsoft Visual Studio Solution File, Format Version 12.00
# Visual Studio Version 17
VisualStudioVersion = 17.14.36518.9
MinimumVisualStudioVersion = 10.0.40219.1
Project("{8BC9CEB8-8B4A-11D0-8D11-00A0C91BC942}") = "servidorHTTP", "servidorHTTP\servidorHTTP.vcxproj", "{04835160-73A5-4446-8EAC-82DD4FFDB809}"
EndProject
Project("{8BC9CEB8-8B4A-11D0-8D11-00A0C91BC942}") = "multicliente", "multicliente\multicliente.vcxproj", "{7D9B1315-5746-4673-AED8-9BCD76E696A9}"
EndProject
Global
	GlobalSection(SolutionConfigurationPlatforms) = preSolution
		Debug|x64 = Debug|x64
		Debug|x86 = Debug|x86
		Release|x64 = Release|x64
		Release|x86 = Release|x86
	EndGlobalSection
	GlobalSection(ProjectConfigurationPlatforms) = postSolution
		{04835160-73A5-4446-8EAC-82DD4FFDB809}.Debug|x64.ActiveCfg = Debug|x64
		{04835160-73A5-4446-8EAC-82DD4FFDB809}.Debug|x64.Build.0 = Debug|x64
		{04835160-73A5-4446-8EAC-82DD4FFDB809}.Debug|x86.ActiveCfg = Debug|Win32
		{04835160-73A5-4446-8EAC-82DD4FFDB809}.Debug|x86.Build.0 = Debug|Win32
		{04835160-73A5-4446-8EAC-82DD4FFDB809}.Release|x64.ActiveCfg = Release|x64
		{04835160-73A5-4446-8EAC-82DD4FFDB809}.Release|x64.Build.0 = Release|x64
		{04835160-73A5-4446-8EAC-82DD4FFDB809}.Release|x86.ActiveCfg = Release|Win32
		{04835160-73A5-4446-8EAC-82DD4FFDB809}.Release|x86.Build.0 = Release|Win32
		{7D9B1315-5746-4673-AED8-9BCD76E696A9}.Debug|x64.ActiveCfg = Debug|x64
		{7D9B1315-5746-4673-AED8-9BCD76E696A9}.Debug|x64.Build.0 = Debug|x64
		{7D9B1315-5746-4673-AED8-9BCD76E696A9}.Debug|x86.ActiveCfg = Debug|Win32
		{7D9B1315-5746-4673-AED8-9BCD76E696A9}.Debug|x86.Build.0 = Debug|Win32
		{7D9B1315-5746-4673-AED8-9BCD76E696A9}.Release|x64.ActiveCfg = Release|x64
		{7D9B1315-5746-4673-AED8-9BCD76E696A9}.Release|x64.Build.0 = Release|x64
		{7D9B1315-5746-4673-AED8-9BCD76E696A9}.Release|x86.ActiveCfg = Release|Win32
		{7D9B1315-5746-4673-AED8-9BCD76E696A9}.Release|x86.Build.0 = Release|Win32
	EndGlobalSection
	GlobalSection(SolutionProperties) = preSolution
		HideSolutionNode = FALSE
	EndGlobalSection
	GlobalSection(ExtensibilityGlobals) = postSolution
		SolutionGuid = {56FD1C6E-92A6-4ABD-9FE1-9CF6D19A7631}
	EndGlobalSection
EndGlobal
