
Microsoft Visual Studio Solution File, Format Version 12.00
# Visual Studio Version 17
VisualStudioVersion = 17.14.36408.4 d17.14
MinimumVisualStudioVersion = 10.0.40219.1
Project("{8BC9CEB8-8B4A-11D0-8D11-00A0C91BC942}") = "AuthService", "AuthService\AuthService.vcxproj", "{41A8ABEC-7A9B-492A-AE28-B68879D2E273}"
EndProject
Project("{8BC9CEB8-8B4A-11D0-8D11-00A0C91BC942}") = "UserService", "UserService\UserService.vcxproj", "{55CFA572-43B8-44B7-8846-D2ACAA3E9BFD}"
EndProject
Project("{8BC9CEB8-8B4A-11D0-8D11-00A0C91BC942}") = "FrontendService", "FrontendService\FrontendService.vcxproj", "{7FCC60FE-389C-4EFB-AEB4-67A5F6A65C2B}"
EndProject
Project("{2150E333-8FDC-42A3-9474-1A3956D46DE8}") = "common", "common", "{02EA681E-C7D8-13C7-8484-4AC65E1B71E8}"
	ProjectSection(SolutionItems) = preProject
		json_utils.hpp = json_utils.hpp
	EndProjectSection
EndProject
Global
	GlobalSection(SolutionConfigurationPlatforms) = preSolution
		Debug|x64 = Debug|x64
		Debug|x86 = Debug|x86
		Release|x64 = Release|x64
		Release|x86 = Release|x86
	EndGlobalSection
	GlobalSection(ProjectConfigurationPlatforms) = postSolution
		{41A8ABEC-7A9B-492A-AE28-B68879D2E273}.Debug|x64.ActiveCfg = Debug|x64
		{41A8ABEC-7A9B-492A-AE28-B68879D2E273}.Debug|x64.Build.0 = Debug|x64
		{41A8ABEC-7A9B-492A-AE28-B68879D2E273}.Debug|x86.ActiveCfg = Debug|Win32
		{41A8ABEC-7A9B-492A-AE28-B68879D2E273}.Debug|x86.Build.0 = Debug|Win32
		{41A8ABEC-7A9B-492A-AE28-B68879D2E273}.Release|x64.ActiveCfg = Release|x64
		{41A8ABEC-7A9B-492A-AE28-B68879D2E273}.Release|x64.Build.0 = Release|x64
		{41A8ABEC-7A9B-492A-AE28-B68879D2E273}.Release|x86.ActiveCfg = Release|Win32
		{41A8ABEC-7A9B-492A-AE28-B68879D2E273}.Release|x86.Build.0 = Release|Win32
		{55CFA572-43B8-44B7-8846-D2ACAA3E9BFD}.Debug|x64.ActiveCfg = Debug|x64
		{55CFA572-43B8-44B7-8846-D2ACAA3E9BFD}.Debug|x64.Build.0 = Debug|x64
		{55CFA572-43B8-44B7-8846-D2ACAA3E9BFD}.Debug|x86.ActiveCfg = Debug|Win32
		{55CFA572-43B8-44B7-8846-D2ACAA3E9BFD}.Debug|x86.Build.0 = Debug|Win32
		{55CFA572-43B8-44B7-8846-D2ACAA3E9BFD}.Release|x64.ActiveCfg = Release|x64
		{55CFA572-43B8-44B7-8846-D2ACAA3E9BFD}.Release|x64.Build.0 = Release|x64
		{55CFA572-43B8-44B7-8846-D2ACAA3E9BFD}.Release|x86.ActiveCfg = Release|Win32
		{55CFA572-43B8-44B7-8846-D2ACAA3E9BFD}.Release|x86.Build.0 = Release|Win32
		{7FCC60FE-389C-4EFB-AEB4-67A5F6A65C2B}.Debug|x64.ActiveCfg = Debug|x64
		{7FCC60FE-389C-4EFB-AEB4-67A5F6A65C2B}.Debug|x64.Build.0 = Debug|x64
		{7FCC60FE-389C-4EFB-AEB4-67A5F6A65C2B}.Debug|x86.ActiveCfg = Debug|Win32
		{7FCC60FE-389C-4EFB-AEB4-67A5F6A65C2B}.Debug|x86.Build.0 = Debug|Win32
		{7FCC60FE-389C-4EFB-AEB4-67A5F6A65C2B}.Release|x64.ActiveCfg = Release|x64
		{7FCC60FE-389C-4EFB-AEB4-67A5F6A65C2B}.Release|x64.Build.0 = Release|x64
		{7FCC60FE-389C-4EFB-AEB4-67A5F6A65C2B}.Release|x86.ActiveCfg = Release|Win32
		{7FCC60FE-389C-4EFB-AEB4-67A5F6A65C2B}.Release|x86.Build.0 = Release|Win32
	EndGlobalSection
	GlobalSection(SolutionProperties) = preSolution
		HideSolutionNode = FALSE
	EndGlobalSection
	GlobalSection(ExtensibilityGlobals) = postSolution
		SolutionGuid = {A2C03D10-AFFA-49C5-B882-56EF2292B9A0}
	EndGlobalSection
EndGlobal
